
Microsoft Visual Studio Solution File, Format Version 12.00
# Visual Studio Version 17
VisualStudioVersion = 17.4.33213.308
MinimumVisualStudioVersion = 10.0.40219.1
Project("{FAE04EC0-301F-11D3-BF4B-00C04F79EFBC}") = "HW 08 Data transfer", "HW 08 Data transfer\HW 08 Data transfer.csproj", "{BAF57800-F703-4D4A-8204-DCBDA74932A3}"
EndProject
Global
	GlobalSection(SolutionConfigurationPlatforms) = preSolution
		Debug|Any CPU = Debug|Any CPU
		Release|Any CPU = Release|Any CPU
	EndGlobalSection
	GlobalSection(ProjectConfigurationPlatforms) = postSolution
		{BAF57800-F703-4D4A-8204-DCBDA74932A3}.Debug|Any CPU.ActiveCfg = Debug|Any CPU
		{BAF57800-F703-4D4A-8204-DCBDA74932A3}.Debug|Any CPU.Build.0 = Debug|Any CPU
		{BAF57800-F703-4D4A-8204-DCBDA74932A3}.Release|Any CPU.ActiveCfg = Release|Any CPU
		{BAF57800-F703-4D4A-8204-DCBDA74932A3}.Release|Any CPU.Build.0 = Release|Any CPU
	EndGlobalSection
	GlobalSection(SolutionProperties) = preSolution
		HideSolutionNode = FALSE
	EndGlobalSection
	GlobalSection(ExtensibilityGlobals) = postSolution
		SolutionGuid = {980F8A90-E3AC-4821-96DD-B23657F37A63}
	EndGlobalSection
EndGlobal
